
Microsoft Visual Studio Solution File, Format Version 12.00
# Visual Studio 15
VisualStudioVersion = 15.0.28307.421
MinimumVisualStudioVersion = 10.0.40219.1
Project("{FAE04EC0-301F-11D3-BF4B-00C04F79EFBC}") = "Montblanc-IRP", "Verallia Montblanc IRP\Montblanc-IRP.csproj", "{BA3A169C-DFEE-4C3F-B0A3-C040217998EF}"
EndProject
Global
	GlobalSection(SolutionConfigurationPlatforms) = preSolution
		Debug|Any CPU = Debug|Any CPU
		Release|Any CPU = Release|Any CPU
	EndGlobalSection
	GlobalSection(ProjectConfigurationPlatforms) = postSolution
		{BA3A169C-DFEE-4C3F-B0A3-C040217998EF}.Debug|Any CPU.ActiveCfg = Debug|Any CPU
		{BA3A169C-DFEE-4C3F-B0A3-C040217998EF}.Debug|Any CPU.Build.0 = Debug|Any CPU
		{BA3A169C-DFEE-4C3F-B0A3-C040217998EF}.Release|Any CPU.ActiveCfg = Release|Any CPU
		{BA3A169C-DFEE-4C3F-B0A3-C040217998EF}.Release|Any CPU.Build.0 = Release|Any CPU
	EndGlobalSection
	GlobalSection(SolutionProperties) = preSolution
		HideSolutionNode = FALSE
	EndGlobalSection
	GlobalSection(ExtensibilityGlobals) = postSolution
		SolutionGuid = {E63F93B3-5E43-4A5D-904E-1A091F3CF9E9}
	EndGlobalSection
EndGlobal
